
Microsoft Visual Studio Solution File, Format Version 12.00
# Visual Studio Version 17
VisualStudioVersion = 17.10.35004.147
MinimumVisualStudioVersion = 10.0.40219.1
Project("{FAE04EC0-301F-11D3-BF4B-00C04F79EFBC}") = "PlayerService-2.0", "PlayerService-2.0\PlayerService-2.0.csproj", "{C8B98E56-4B78-4881-9608-B4E35408D512}"
EndProject
Project("{FAE04EC0-301F-11D3-BF4B-00C04F79EFBC}") = "PlayerService.Tests", "PlayerService.Tests\PlayerService.Tests.csproj", "{3B4F0C52-36B0-4D5D-BFAF-63EFE4ADD3D6}"
EndProject
Global
	GlobalSection(SolutionConfigurationPlatforms) = preSolution
		Debug|Any CPU = Debug|Any CPU
		Release|Any CPU = Release|Any CPU
	EndGlobalSection
	GlobalSection(ProjectConfigurationPlatforms) = postSolution
		{C8B98E56-4B78-4881-9608-B4E35408D512}.Debug|Any CPU.ActiveCfg = Debug|Any CPU
		{C8B98E56-4B78-4881-9608-B4E35408D512}.Debug|Any CPU.Build.0 = Debug|Any CPU
		{C8B98E56-4B78-4881-9608-B4E35408D512}.Release|Any CPU.ActiveCfg = Release|Any CPU
		{C8B98E56-4B78-4881-9608-B4E35408D512}.Release|Any CPU.Build.0 = Release|Any CPU
		{3B4F0C52-36B0-4D5D-BFAF-63EFE4ADD3D6}.Debug|Any CPU.ActiveCfg = Debug|Any CPU
		{3B4F0C52-36B0-4D5D-BFAF-63EFE4ADD3D6}.Debug|Any CPU.Build.0 = Debug|Any CPU
		{3B4F0C52-36B0-4D5D-BFAF-63EFE4ADD3D6}.Release|Any CPU.ActiveCfg = Release|Any CPU
		{3B4F0C52-36B0-4D5D-BFAF-63EFE4ADD3D6}.Release|Any CPU.Build.0 = Release|Any CPU
	EndGlobalSection
	GlobalSection(SolutionProperties) = preSolution
		HideSolutionNode = FALSE
	EndGlobalSection
	GlobalSection(ExtensibilityGlobals) = postSolution
		SolutionGuid = {15E869E3-A151-48F0-BFB5-BB9E49444187}
	EndGlobalSection
EndGlobal
